
Microsoft Visual Studio Solution File, Format Version 12.00
# Visual Studio Version 16
VisualStudioVersion = 16.0.31729.503
MinimumVisualStudioVersion = 10.0.40219.1
Project("{FAE04EC0-301F-11D3-BF4B-00C04F79EFBC}") = "Proyek_ACS", "Proyek_ACS\Proyek_ACS.csproj", "{78E38EF0-502A-460B-A491-416230D199F9}"
EndProject
Global
	GlobalSection(SolutionConfigurationPlatforms) = preSolution
		Debug|Any CPU = Debug|Any CPU
		Debug|x64 = Debug|x64
		Release|Any CPU = Release|Any CPU
		Release|x64 = Release|x64
	EndGlobalSection
	GlobalSection(ProjectConfigurationPlatforms) = postSolution
		{78E38EF0-502A-460B-A491-416230D199F9}.Debug|Any CPU.ActiveCfg = Debug|Any CPU
		{78E38EF0-502A-460B-A491-416230D199F9}.Debug|Any CPU.Build.0 = Debug|Any CPU
		{78E38EF0-502A-460B-A491-416230D199F9}.Debug|x64.ActiveCfg = Debug|x64
		{78E38EF0-502A-460B-A491-416230D199F9}.Debug|x64.Build.0 = Debug|x64
		{78E38EF0-502A-460B-A491-416230D199F9}.Release|Any CPU.ActiveCfg = Release|Any CPU
		{78E38EF0-502A-460B-A491-416230D199F9}.Release|Any CPU.Build.0 = Release|Any CPU
		{78E38EF0-502A-460B-A491-416230D199F9}.Release|x64.ActiveCfg = Release|x64
		{78E38EF0-502A-460B-A491-416230D199F9}.Release|x64.Build.0 = Release|x64
	EndGlobalSection
	GlobalSection(SolutionProperties) = preSolution
		HideSolutionNode = FALSE
	EndGlobalSection
	GlobalSection(ExtensibilityGlobals) = postSolution
		SolutionGuid = {756F327C-CBA7-46F1-ADAF-57CC5A309987}
	EndGlobalSection
EndGlobal
